
Microsoft Visual Studio Solution File, Format Version 12.00
# Visual Studio 2012
Project("{FAE04EC0-301F-11D3-BF4B-00C04F79EFBC}") = "real-estate-app", "real-estate-app\real-estate-app.csproj", "{0B0868F9-4BF1-4A4F-AEB9-87CA6C7E649A}"
EndProject
Global
	GlobalSection(SolutionConfigurationPlatforms) = preSolution
		Debug|Any CPU = Debug|Any CPU
		Release|Any CPU = Release|Any CPU
	EndGlobalSection
	GlobalSection(ProjectConfigurationPlatforms) = postSolution
		{0B0868F9-4BF1-4A4F-AEB9-87CA6C7E649A}.Debug|Any CPU.ActiveCfg = Debug|Any CPU
		{0B0868F9-4BF1-4A4F-AEB9-87CA6C7E649A}.Debug|Any CPU.Build.0 = Debug|Any CPU
		{0B0868F9-4BF1-4A4F-AEB9-87CA6C7E649A}.Release|Any CPU.ActiveCfg = Release|Any CPU
		{0B0868F9-4BF1-4A4F-AEB9-87CA6C7E649A}.Release|Any CPU.Build.0 = Release|Any CPU
	EndGlobalSection
	GlobalSection(SolutionProperties) = preSolution
		HideSolutionNode = FALSE
	EndGlobalSection
EndGlobal
